
Microsoft Visual Studio Solution File, Format Version 12.00
# Visual Studio Version 16
VisualStudioVersion = 16.0.29102.190
MinimumVisualStudioVersion = 10.0.40219.1
Project("{FAE04EC0-301F-11D3-BF4B-00C04F79EFBC}") = "Nopara74.HWI", "Nopara74.HWI\Nopara74.HWI.csproj", "{37BE0049-BCB1-4463-B6D4-8248888239DF}"
EndProject
Project("{FAE04EC0-301F-11D3-BF4B-00C04F79EFBC}") = "Nopara73.HWI.Tests", "Nopara73.HWI.Tests\Nopara73.HWI.Tests.csproj", "{97B18D4A-8CAD-49C0-B346-66EECFE76995}"
	ProjectSection(ProjectDependencies) = postProject
		{37BE0049-BCB1-4463-B6D4-8248888239DF} = {37BE0049-BCB1-4463-B6D4-8248888239DF}
	EndProjectSection
EndProject
Global
	GlobalSection(SolutionConfigurationPlatforms) = preSolution
		Debug|Any CPU = Debug|Any CPU
		Release|Any CPU = Release|Any CPU
	EndGlobalSection
	GlobalSection(ProjectConfigurationPlatforms) = postSolution
		{37BE0049-BCB1-4463-B6D4-8248888239DF}.Debug|Any CPU.ActiveCfg = Debug|Any CPU
		{37BE0049-BCB1-4463-B6D4-8248888239DF}.Debug|Any CPU.Build.0 = Debug|Any CPU
		{37BE0049-BCB1-4463-B6D4-8248888239DF}.Release|Any CPU.ActiveCfg = Release|Any CPU
		{37BE0049-BCB1-4463-B6D4-8248888239DF}.Release|Any CPU.Build.0 = Release|Any CPU
		{97B18D4A-8CAD-49C0-B346-66EECFE76995}.Debug|Any CPU.ActiveCfg = Debug|Any CPU
		{97B18D4A-8CAD-49C0-B346-66EECFE76995}.Debug|Any CPU.Build.0 = Debug|Any CPU
		{97B18D4A-8CAD-49C0-B346-66EECFE76995}.Release|Any CPU.ActiveCfg = Release|Any CPU
		{97B18D4A-8CAD-49C0-B346-66EECFE76995}.Release|Any CPU.Build.0 = Release|Any CPU
	EndGlobalSection
	GlobalSection(SolutionProperties) = preSolution
		HideSolutionNode = FALSE
	EndGlobalSection
	GlobalSection(ExtensibilityGlobals) = postSolution
		SolutionGuid = {ABDAAB1F-E5B8-4E98-84C9-E8BCB75DAECB}
	EndGlobalSection
EndGlobal
